PODS:
  - Alamofire (3.4.1)
  - Bolts/Tasks (1.7.0)
  - DZNEmptyDataSet (1.8.1)
  - Parse (1.13.0):
    - Bolts/Tasks (~> 1.6)
  - Realm (1.0.1):
    - Realm/Headers (= 1.0.1)
  - Realm/Headers (1.0.1)
  - RealmSwift (1.0.1):
    - Realm (= 1.0.1)
  - SnapKit (0.21.1)

DEPENDENCIES:
  - Alamofire
  - DZNEmptyDataSet
  - Parse
  - RealmSwift
  - SnapKit

SPEC CHECKSUMS:
  Alamofire: 01a82e2f6c0f860ade35534c8dd88be61bdef40c
  Bolts: a0058fa3b331c5a1e4402d534f2dae36dbff31e4
  DZNEmptyDataSet: 9525833b9e68ac21c30253e1d3d7076cc828eaa7
  Parse: f51c24d2feb412e4b2d6cc73d37cb24e8d0089bc
  Realm: 2e15e39d35b08abb529e212ed5d8af107b5236c8
  RealmSwift: d73ea2af08c3676dbdd5e4b669651a0f492162a4
  SnapKit: bbad04cb016c7cead63965f16b00c09318d271ee

PODFILE CHECKSUM: 5e71f9b6bd1a6ee139e1b4ce83e5b20cfc70770a

COCOAPODS: 1.0.1
