// !$*UTF8*$!
{
	archiveVersion = 1;
	classes = {
	};
	objectVersion = 46;
	objects = {

/* Begin PBXBuildFile section */
		0F3EE8491D343B1500484614 /* AppDelegate.swift in Sources */ = {isa = PBXBuildFile; fileRef = 0F3EE8481D343B1500484614 /* AppDelegate.swift */; };
		0F3EE84D1D343B1500484614 /* SoundTableViewController.swift in Sources */ = {isa = PBXBuildFile; fileRef = 0F3EE84C1D343B1500484614 /* SoundTableViewController.swift */; };
		0F3EE8501D343B1500484614 /* Main.storyboard in Resources */ = {isa = PBXBuildFile; fileRef = 0F3EE84E1D343B1500484614 /* Main.storyboard */; };
		0F3EE8521D343B1500484614 /* Assets.xcassets in Resources */ = {isa = PBXBuildFile; fileRef = 0F3EE8511D343B1500484614 /* Assets.xcassets */; };
		0F3EE8551D343B1500484614 /* LaunchScreen.storyboard in Resources */ = {isa = PBXBuildFile; fileRef = 0F3EE8531D343B1500484614 /* LaunchScreen.storyboard */; };
		0F3EE8601D343B1500484614 /* AlarmAppTests.swift in Sources */ = {isa = PBXBuildFile; fileRef = 0F3EE85F1D343B1500484614 /* AlarmAppTests.swift */; };
		0F3EE86B1D343B1500484614 /* AlarmAppUITests.swift in Sources */ = {isa = PBXBuildFile; fileRef = 0F3EE86A1D343B1500484614 /* AlarmAppUITests.swift */; };
		0F4056CA1D52978600FB59C3 /* AlarmAppSoundIcon.png in Resources */ = {isa = PBXBuildFile; fileRef = 0F4056C91D52978600FB59C3 /* AlarmAppSoundIcon.png */; };
		0FD9EBF71D3EC08A00B1471F /* AlarmTableViewController.swift in Sources */ = {isa = PBXBuildFile; fileRef = 0FD9EBF61D3EC08A00B1471F /* AlarmTableViewController.swift */; };
		0FD9EBFF1D40434700B1471F /* SelectTimeViewController.swift in Sources */ = {isa = PBXBuildFile; fileRef = 0FD9EBFE1D40434700B1471F /* SelectTimeViewController.swift */; };
		0FD9EC031D42E61100B1471F /* UIScrollView+EmptyDataSet.m in Sources */ = {isa = PBXBuildFile; fileRef = 0FD9EC021D42E61100B1471F /* UIScrollView+EmptyDataSet.m */; };
		0FD9EC0A1D468BBD00B1471F /* clock.png in Resources */ = {isa = PBXBuildFile; fileRef = 0FD9EC091D468BBD00B1471F /* clock.png */; };
		0FD9EC0C1D46D4DB00B1471F /* AVFoundation.framework in Frameworks */ = {isa = PBXBuildFile; fileRef = 0FD9EC0B1D46D4DA00B1471F /* AVFoundation.framework */; };
		0FD9EC0E1D46DD1900B1471F /* RecordSoundViewController.swift in Sources */ = {isa = PBXBuildFile; fileRef = 0FD9EC0D1D46DD1900B1471F /* RecordSoundViewController.swift */; };
		0FF8CA7F1D5BD6BB00560262 /* TimeExtension.swift in Sources */ = {isa = PBXBuildFile; fileRef = 0FF8CA7E1D5BD6BB00560262 /* TimeExtension.swift */; };
		0FF8CA841D5C081900560262 /* RealmHelper.swift in Sources */ = {isa = PBXBuildFile; fileRef = 0FF8CA831D5C081900560262 /* RealmHelper.swift */; };
		0FF8CA861D5C085200560262 /* Alarm.swift in Sources */ = {isa = PBXBuildFile; fileRef = 0FF8CA851D5C085200560262 /* Alarm.swift */; };
		5A5B523225CFB1F4BF742874 /* Pods_AlarmAppUITests.framework in Frameworks */ = {isa = PBXBuildFile; fileRef = 37B13F64AFFD1B88B93445A9 /* Pods_AlarmAppUITests.framework */; };
		84DC1409A1146CC567E41916 /* Pods_AlarmApp.framework in Frameworks */ = {isa = PBXBuildFile; fileRef = 0B75F745B43F655D94170FCA /* Pods_AlarmApp.framework */; };
		D601971D5AC74EA6AC020CAE /* Pods_AlarmAppTests.framework in Frameworks */ = {isa = PBXBuildFile; fileRef = 0589B7B80C748F74E6A89164 /* Pods_AlarmAppTests.framework */; };
/* End PBXBuildFile section */

/* Begin PBXContainerItemProxy section */
		0F3EE85C1D343B1500484614 /* PBXContainerItemProxy */ = {
			isa = PBXContainerItemProxy;
			containerPortal = 0F3EE83D1D343B1500484614 /* Project object */;
			proxyType = 1;
			remoteGlobalIDString = 0F3EE8441D343B1500484614;
			remoteInfo = AlarmApp;
		};
		0F3EE8671D343B1500484614 /* PBXContainerItemProxy */ = {
			isa = PBXContainerItemProxy;
			containerPortal = 0F3EE83D1D343B1500484614 /* Project object */;
			proxyType = 1;
			remoteGlobalIDString = 0F3EE8441D343B1500484614;
			remoteInfo = AlarmApp;
		};
/* End PBXContainerItemProxy section */

/* Begin PBXFileReference section */
		0589B7B80C748F74E6A89164 /* Pods_AlarmAppTests.framework */ = {isa = PBXFileReference; explicitFileType = wrapper.framework; includeInIndex = 0; path = Pods_AlarmAppTests.framework; sourceTree = BUILT_PRODUCTS_DIR; };
		0703C20159B8A42E43326C37 /* Pods-AlarmApp.release.xcconfig */ = {isa = PBXFileReference; includeInIndex = 1; lastKnownFileType = text.xcconfig; name = "Pods-AlarmApp.release.xcconfig"; path = "Pods/Target Support Files/Pods-AlarmApp/Pods-AlarmApp.release.xcconfig"; sourceTree = "<group>"; };
		0B75F745B43F655D94170FCA /* Pods_AlarmApp.framework */ = {isa = PBXFileReference; explicitFileType = wrapper.framework; includeInIndex = 0; path = Pods_AlarmApp.framework; sourceTree = BUILT_PRODUCTS_DIR; };
		0F3EE8451D343B1500484614 /* AlarmApp.app */ = {isa = PBXFileReference; explicitFileType = wrapper.application; includeInIndex = 0; path = AlarmApp.app; sourceTree = BUILT_PRODUCTS_DIR; };
		0F3EE8481D343B1500484614 /* AppDelegate.swift */ = {isa = PBXFileReference; lastKnownFileType = sourcecode.swift; path = AppDelegate.swift; sourceTree = "<group>"; };
		0F3EE84C1D343B1500484614 /* SoundTableViewController.swift */ = {isa = PBXFileReference; lastKnownFileType = sourcecode.swift; path = SoundTableViewController.swift; sourceTree = "<group>"; };
		0F3EE84F1D343B1500484614 /* Base */ = {isa = PBXFileReference; lastKnownFileType = file.storyboard; name = Base; path = Base.lproj/Main.storyboard; sourceTree = "<group>"; };
		0F3EE8511D343B1500484614 /* Assets.xcassets */ = {isa = PBXFileReference; lastKnownFileType = folder.assetcatalog; path = Assets.xcassets; sourceTree = "<group>"; };
		0F3EE8541D343B1500484614 /* Base */ = {isa = PBXFileReference; lastKnownFileType = file.storyboard; name = Base; path = Base.lproj/LaunchScreen.storyboard; sourceTree = "<group>"; };
		0F3EE8561D343B1500484614 /* Info.plist */ = {isa = PBXFileReference; lastKnownFileType = text.plist.xml; path = Info.plist; sourceTree = "<group>"; };
		0F3EE85B1D343B1500484614 /* AlarmAppTests.xctest */ = {isa = PBXFileReference; explicitFileType = wrapper.cfbundle; includeInIndex = 0; path = AlarmAppTests.xctest; sourceTree = BUILT_PRODUCTS_DIR; };
		0F3EE85F1D343B1500484614 /* AlarmAppTests.swift */ = {isa = PBXFileReference; lastKnownFileType = sourcecode.swift; path = AlarmAppTests.swift; sourceTree = "<group>"; };
		0F3EE8611D343B1500484614 /* Info.plist */ = {isa = PBXFileReference; lastKnownFileType = text.plist.xml; path = Info.plist; sourceTree = "<group>"; };
		0F3EE8661D343B1500484614 /* AlarmAppUITests.xctest */ = {isa = PBXFileReference; explicitFileType = wrapper.cfbundle; includeInIndex = 0; path = AlarmAppUITests.xctest; sourceTree = BUILT_PRODUCTS_DIR; };
		0F3EE86A1D343B1500484614 /* AlarmAppUITests.swift */ = {isa = PBXFileReference; lastKnownFileType = sourcecode.swift; path = AlarmAppUITests.swift; sourceTree = "<group>"; };
		0F3EE86C1D343B1500484614 /* Info.plist */ = {isa = PBXFileReference; lastKnownFileType = text.plist.xml; path = Info.plist; sourceTree = "<group>"; };
		0F4056C91D52978600FB59C3 /* AlarmAppSoundIcon.png */ = {isa = PBXFileReference; lastKnownFileType = image.png; name = AlarmAppSoundIcon.png; path = ../../../AlarmAppSoundIcon.png; sourceTree = "<group>"; };
		0FD9EBF61D3EC08A00B1471F /* AlarmTableViewController.swift */ = {isa = PBXFileReference; fileEncoding = 4; lastKnownFileType = sourcecode.swift; path = AlarmTableViewController.swift; sourceTree = "<group>"; };
		0FD9EBFE1D40434700B1471F /* SelectTimeViewController.swift */ = {isa = PBXFileReference; fileEncoding = 4; lastKnownFileType = sourcecode.swift; path = SelectTimeViewController.swift; sourceTree = "<group>"; };
		0FD9EC001D42E5F000B1471F /* UIScrollView+EmptyDataSet.h */ = {isa = PBXFileReference; fileEncoding = 4; lastKnownFileType = sourcecode.c.h; name = "UIScrollView+EmptyDataSet.h"; path = "../../../../Downloads/DZNEmptyDataSet-master/Source/UIScrollView+EmptyDataSet.h"; sourceTree = "<group>"; };
		0FD9EC011D42E61000B1471F /* AlarmApp-Bridging-Header.h */ = {isa = PBXFileReference; lastKnownFileType = sourcecode.c.h; path = "AlarmApp-Bridging-Header.h"; sourceTree = "<group>"; };
		0FD9EC021D42E61100B1471F /* UIScrollView+EmptyDataSet.m */ = {isa = PBXFileReference; fileEncoding = 4; lastKnownFileType = sourcecode.c.objc; name = "UIScrollView+EmptyDataSet.m"; path = "../../../../Downloads/DZNEmptyDataSet-master/Source/UIScrollView+EmptyDataSet.m"; sourceTree = "<group>"; };
		0FD9EC091D468BBD00B1471F /* clock.png */ = {isa = PBXFileReference; lastKnownFileType = image.png; name = clock.png; path = ../../../clock.png; sourceTree = "<group>"; };
		0FD9EC0B1D46D4DA00B1471F /* AVFoundation.framework */ = {isa = PBXFileReference; lastKnownFileType = wrapper.framework; name = AVFoundation.framework; path = System/Library/Frameworks/AVFoundation.framework; sourceTree = SDKROOT; };
		0FD9EC0D1D46DD1900B1471F /* RecordSoundViewController.swift */ = {isa = PBXFileReference; fileEncoding = 4; lastKnownFileType = sourcecode.swift; path = RecordSoundViewController.swift; sourceTree = "<group>"; };
		0FF8CA7E1D5BD6BB00560262 /* TimeExtension.swift */ = {isa = PBXFileReference; fileEncoding = 4; lastKnownFileType = sourcecode.swift; name = TimeExtension.swift; path = ../../../../.Trash/TimeExtension.swift; sourceTree = "<group>"; };
		0FF8CA831D5C081900560262 /* RealmHelper.swift */ = {isa = PBXFileReference; fileEncoding = 4; lastKnownFileType = sourcecode.swift; name = RealmHelper.swift; path = ../RealmHelper.swift; sourceTree = "<group>"; };
		0FF8CA851D5C085200560262 /* Alarm.swift */ = {isa = PBXFileReference; fileEncoding = 4; lastKnownFileType = sourcecode.swift; path = Alarm.swift; sourceTree = "<group>"; };
		22AEBD8347A58C79668CB2BD /* Pods-AlarmAppUITests.release.xcconfig */ = {isa = PBXFileReference; includeInIndex = 1; lastKnownFileType = text.xcconfig; name = "Pods-AlarmAppUITests.release.xcconfig"; path = "Pods/Target Support Files/Pods-AlarmAppUITests/Pods-AlarmAppUITests.release.xcconfig"; sourceTree = "<group>"; };
		292F473B8440A53E7480AADB /* Pods-AlarmAppTests.release.xcconfig */ = {isa = PBXFileReference; includeInIndex = 1; lastKnownFileType = text.xcconfig; name = "Pods-AlarmAppTests.release.xcconfig"; path = "Pods/Target Support Files/Pods-AlarmAppTests/Pods-AlarmAppTests.release.xcconfig"; sourceTree = "<group>"; };
		37B13F64AFFD1B88B93445A9 /* Pods_AlarmAppUITests.framework */ = {isa = PBXFileReference; explicitFileType = wrapper.framework; includeInIndex = 0; path = Pods_AlarmAppUITests.framework; sourceTree = BUILT_PRODUCTS_DIR; };
		B946D6DE085E3AA1B33AA70A /* Pods-AlarmAppUITests.debug.xcconfig */ = {isa = PBXFileReference; includeInIndex = 1; lastKnownFileType = text.xcconfig; name = "Pods-AlarmAppUITests.debug.xcconfig"; path = "Pods/Target Support Files/Pods-AlarmAppUITests/Pods-AlarmAppUITests.debug.xcconfig"; sourceTree = "<group>"; };
		CE21A7DD2B60279683C63C25 /* Pods-AlarmAppTests.debug.xcconfig */ = {isa = PBXFileReference; includeInIndex = 1; lastKnownFileType = text.xcconfig; name = "Pods-AlarmAppTests.debug.xcconfig"; path = "Pods/Target Support Files/Pods-AlarmAppTests/Pods-AlarmAppTests.debug.xcconfig"; sourceTree = "<group>"; };
		D1C4A18369D0F692E02EBBD2 /* Pods-AlarmApp.debug.xcconfig */ = {isa = PBXFileReference; includeInIndex = 1; lastKnownFileType = text.xcconfig; name = "Pods-AlarmApp.debug.xcconfig"; path = "Pods/Target Support Files/Pods-AlarmApp/Pods-AlarmApp.debug.xcconfig"; sourceTree = "<group>"; };
/* End PBXFileReference section */

/* Begin PBXFrameworksBuildPhase section */
		0F3EE8421D343B1500484614 /* Frameworks */ = {
			isa = PBXFrameworksBuildPhase;
			buildActionMask = 2147483647;
			files = (
				0FD9EC0C1D46D4DB00B1471F /* AVFoundation.framework in Frameworks */,
				84DC1409A1146CC567E41916 /* Pods_AlarmApp.framework in Frameworks */,
			);
			runOnlyForDeploymentPostprocessing = 0;
		};
		0F3EE8581D343B1500484614 /* Frameworks */ = {
			isa = PBXFrameworksBuildPhase;
			buildActionMask = 2147483647;
			files = (
				D601971D5AC74EA6AC020CAE /* Pods_AlarmAppTests.framework in Frameworks */,
			);
			runOnlyForDeploymentPostprocessing = 0;
		};
		0F3EE8631D343B1500484614 /* Frameworks */ = {
			isa = PBXFrameworksBuildPhase;
			buildActionMask = 2147483647;
			files = (
				5A5B523225CFB1F4BF742874 /* Pods_AlarmAppUITests.framework in Frameworks */,
			);
			runOnlyForDeploymentPostprocessing = 0;
		};
/* End PBXFrameworksBuildPhase section */

/* Begin PBXGroup section */
		0F3EE83C1D343B1500484614 = {
			isa = PBXGroup;
			children = (
				0F3EE8471D343B1500484614 /* AlarmApp */,
				0F3EE85E1D343B1500484614 /* AlarmAppTests */,
				0F3EE8691D343B1500484614 /* AlarmAppUITests */,
				0F3EE8461D343B1500484614 /* Products */,
				0FF8CA801D5C073F00560262 /* Helpers */,
				372201B67EDB56C20EA5CF9C /* Pods */,
				F057A45736863ADC35F1BF6C /* Frameworks */,
			);
			sourceTree = "<group>";
		};
		0F3EE8461D343B1500484614 /* Products */ = {
			isa = PBXGroup;
			children = (
				0F3EE8451D343B1500484614 /* AlarmApp.app */,
				0F3EE85B1D343B1500484614 /* AlarmAppTests.xctest */,
				0F3EE8661D343B1500484614 /* AlarmAppUITests.xctest */,
			);
			name = Products;
			sourceTree = "<group>";
		};
		0F3EE8471D343B1500484614 /* AlarmApp */ = {
			isa = PBXGroup;
			children = (
				0FD9EC021D42E61100B1471F /* UIScrollView+EmptyDataSet.m */,
				0F3EE8481D343B1500484614 /* AppDelegate.swift */,
				0FD9EBF61D3EC08A00B1471F /* AlarmTableViewController.swift */,
				0FD9EBFE1D40434700B1471F /* SelectTimeViewController.swift */,
				0F3EE84C1D343B1500484614 /* SoundTableViewController.swift */,
				0FD9EC0D1D46DD1900B1471F /* RecordSoundViewController.swift */,
				0F3EE84E1D343B1500484614 /* Main.storyboard */,
				0F4056C91D52978600FB59C3 /* AlarmAppSoundIcon.png */,
				0F3EE8511D343B1500484614 /* Assets.xcassets */,
				0F3EE8531D343B1500484614 /* LaunchScreen.storyboard */,
				0F3EE8561D343B1500484614 /* Info.plist */,
				0FD9EC001D42E5F000B1471F /* UIScrollView+EmptyDataSet.h */,
				0FD9EC011D42E61000B1471F /* AlarmApp-Bridging-Header.h */,
				0FD9EC091D468BBD00B1471F /* clock.png */,
				0FF8CA7E1D5BD6BB00560262 /* TimeExtension.swift */,
			);
			path = AlarmApp;
			sourceTree = "<group>";
		};
		0F3EE85E1D343B1500484614 /* AlarmAppTests */ = {
			isa = PBXGroup;
			children = (
				0F3EE85F1D343B1500484614 /* AlarmAppTests.swift */,
				0F3EE8611D343B1500484614 /* Info.plist */,
			);
			path = AlarmAppTests;
			sourceTree = "<group>";
		};
		0F3EE8691D343B1500484614 /* AlarmAppUITests */ = {
			isa = PBXGroup;
			children = (
				0F3EE86A1D343B1500484614 /* AlarmAppUITests.swift */,
				0F3EE86C1D343B1500484614 /* Info.plist */,
			);
			path = AlarmAppUITests;
			sourceTree = "<group>";
		};
		0FF8CA801D5C073F00560262 /* Helpers */ = {
			isa = PBXGroup;
			children = (
				0FF8CA831D5C081900560262 /* RealmHelper.swift */,
				0FF8CA851D5C085200560262 /* Alarm.swift */,
			);
			name = Helpers;
			path = AlarmApp;
			sourceTree = "<group>";
		};
		372201B67EDB56C20EA5CF9C /* Pods */ = {
			isa = PBXGroup;
			children = (
				D1C4A18369D0F692E02EBBD2 /* Pods-AlarmApp.debug.xcconfig */,
				0703C20159B8A42E43326C37 /* Pods-AlarmApp.release.xcconfig */,
				CE21A7DD2B60279683C63C25 /* Pods-AlarmAppTests.debug.xcconfig */,
				292F473B8440A53E7480AADB /* Pods-AlarmAppTests.release.xcconfig */,
				B946D6DE085E3AA1B33AA70A /* Pods-AlarmAppUITests.debug.xcconfig */,
				22AEBD8347A58C79668CB2BD /* Pods-AlarmAppUITests.release.xcconfig */,
			);
			name = Pods;
			sourceTree = "<group>";
		};
		F057A45736863ADC35F1BF6C /* Frameworks */ = {
			isa = PBXGroup;
			children = (
				0FD9EC0B1D46D4DA00B1471F /* AVFoundation.framework */,
				0B75F745B43F655D94170FCA /* Pods_AlarmApp.framework */,
				0589B7B80C748F74E6A89164 /* Pods_AlarmAppTests.framework */,
				37B13F64AFFD1B88B93445A9 /* Pods_AlarmAppUITests.framework */,
			);
			name = Frameworks;
			sourceTree = "<group>";
		};
/* End PBXGroup section */

/* Begin PBXNativeTarget section */
		0F3EE8441D343B1500484614 /* AlarmApp */ = {
			isa = PBXNativeTarget;
			buildConfigurationList = 0F3EE86F1D343B1500484614 /* Build configuration list for PBXNativeTarget "AlarmApp" */;
			buildPhases = (
				08438E5BB50DE088F8042B61 /* [CP] Check Pods Manifest.lock */,
				0F3EE8411D343B1500484614 /* Sources */,
				0F3EE8421D343B1500484614 /* Frameworks */,
				0F3EE8431D343B1500484614 /* Resources */,
				E37B665AB6802BF6F3FEBADE /* [CP] Embed Pods Frameworks */,
				3214D885EA51ACF1F64EE6C1 /* [CP] Copy Pods Resources */,
			);
			buildRules = (
			);
			dependencies = (
			);
			name = AlarmApp;
			productName = AlarmApp;
			productReference = 0F3EE8451D343B1500484614 /* AlarmApp.app */;
			productType = "com.apple.product-type.application";
		};
		0F3EE85A1D343B1500484614 /* AlarmAppTests */ = {
			isa = PBXNativeTarget;
			buildConfigurationList = 0F3EE8721D343B1500484614 /* Build configuration list for PBXNativeTarget "AlarmAppTests" */;
			buildPhases = (
				8098E9C1E460120BE135CAF6 /* [CP] Check Pods Manifest.lock */,
				0F3EE8571D343B1500484614 /* Sources */,
				0F3EE8581D343B1500484614 /* Frameworks */,
				0F3EE8591D343B1500484614 /* Resources */,
				97C21937836BE036F38E855B /* [CP] Embed Pods Frameworks */,
				9897AC081E815777B5C02BC7 /* [CP] Copy Pods Resources */,
			);
			buildRules = (
			);
			dependencies = (
				0F3EE85D1D343B1500484614 /* PBXTargetDependency */,
			);
			name = AlarmAppTests;
			productName = AlarmAppTests;
			productReference = 0F3EE85B1D343B1500484614 /* AlarmAppTests.xctest */;
			productType = "com.apple.product-type.bundle.unit-test";
		};
		0F3EE8651D343B1500484614 /* AlarmAppUITests */ = {
			isa = PBXNativeTarget;
			buildConfigurationList = 0F3EE8751D343B1500484614 /* Build configuration list for PBXNativeTarget "AlarmAppUITests" */;
			buildPhases = (
				17A2EED1D82B66E5CDC284D0 /* [CP] Check Pods Manifest.lock */,
				0F3EE8621D343B1500484614 /* Sources */,
				0F3EE8631D343B1500484614 /* Frameworks */,
				0F3EE8641D343B1500484614 /* Resources */,
				5AD70A7E1A5926DA629FE94B /* [CP] Copy Pods Resources */,
			);
			buildRules = (
			);
			dependencies = (
				0F3EE8681D343B1500484614 /* PBXTargetDependency */,
			);
			name = AlarmAppUITests;
			productName = AlarmAppUITests;
			productReference = 0F3EE8661D343B1500484614 /* AlarmAppUITests.xctest */;
			productType = "com.apple.product-type.bundle.ui-testing";
		};
/* End PBXNativeTarget section */

/* Begin PBXProject section */
		0F3EE83D1D343B1500484614 /* Project object */ = {
			isa = PBXProject;
			attributes = {
				LastSwiftUpdateCheck = 0730;
				LastUpgradeCheck = 0730;
				ORGANIZATIONNAME = "Grace Ding";
				TargetAttributes = {
					0F3EE8441D343B1500484614 = {
						CreatedOnToolsVersion = 7.3.1;
						DevelopmentTeam = 7LVD2RH6W4;
					};
					0F3EE85A1D343B1500484614 = {
						CreatedOnToolsVersion = 7.3.1;
						TestTargetID = 0F3EE8441D343B1500484614;
					};
					0F3EE8651D343B1500484614 = {
						CreatedOnToolsVersion = 7.3.1;
						TestTargetID = 0F3EE8441D343B1500484614;
					};
				};
			};
			buildConfigurationList = 0F3EE8401D343B1500484614 /* Build configuration list for PBXProject "AlarmApp" */;
			compatibilityVersion = "Xcode 3.2";
			developmentRegion = English;
			hasScannedForEncodings = 0;
			knownRegions = (
				en,
				Base,
				fr,
				"pt-BR",
			);
			mainGroup = 0F3EE83C1D343B1500484614;
			productRefGroup = 0F3EE8461D343B1500484614 /* Products */;
			projectDirPath = "";
			projectRoot = "";
			targets = (
				0F3EE8441D343B1500484614 /* AlarmApp */,
				0F3EE85A1D343B1500484614 /* AlarmAppTests */,
				0F3EE8651D343B1500484614 /* AlarmAppUITests */,
			);
		};
/* End PBXProject section */

/* Begin PBXResourcesBuildPhase section */
		0F3EE8431D343B1500484614 /* Resources */ = {
			isa = PBXResourcesBuildPhase;
			buildActionMask = 2147483647;
			files = (
				0FD9EC0A1D468BBD00B1471F /* clock.png in Resources */,
				0F3EE8551D343B1500484614 /* LaunchScreen.storyboard in Resources */,
				0F3EE8521D343B1500484614 /* Assets.xcassets in Resources */,
				0F4056CA1D52978600FB59C3 /* AlarmAppSoundIcon.png in Resources */,
				0F3EE8501D343B1500484614 /* Main.storyboard in Resources */,
			);
			runOnlyForDeploymentPostprocessing = 0;
		};
		0F3EE8591D343B1500484614 /* Resources */ = {
			isa = PBXResourcesBuildPhase;
			buildActionMask = 2147483647;
			files = (
			);
			runOnlyForDeploymentPostprocessing = 0;
		};
		0F3EE8641D343B1500484614 /* Resources */ = {
			isa = PBXResourcesBuildPhase;
			buildActionMask = 2147483647;
			files = (
			);
			runOnlyForDeploymentPostprocessing = 0;
		};
/* End PBXResourcesBuildPhase section */

/* Begin PBXShellScriptBuildPhase section */
		08438E5BB50DE088F8042B61 /* [CP] Check Pods Manifest.lock */ = {
			isa = PBXShellScriptBuildPhase;
			buildActionMask = 2147483647;
			files = (
			);
			inputPaths = (
			);
			name = "[CP] Check Pods Manifest.lock";
			outputPaths = (
			);
			runOnlyForDeploymentPostprocessing = 0;
			shellPath = /bin/sh;
			shellScript = "diff \"${PODS_ROOT}/../Podfile.lock\" \"${PODS_ROOT}/Manifest.lock\" > /dev/null\nif [[ $? != 0 ]] ; then\n    cat << EOM\nerror: The sandbox is not in sync with the Podfile.lock. Run 'pod install' or update your CocoaPods installation.\nEOM\n    exit 1\nfi\n";
			showEnvVarsInLog = 0;
		};
		17A2EED1D82B66E5CDC284D0 /* [CP] Check Pods Manifest.lock */ = {
			isa = PBXShellScriptBuildPhase;
			buildActionMask = 2147483647;
			files = (
			);
			inputPaths = (
			);
			name = "[CP] Check Pods Manifest.lock";
			outputPaths = (
			);
			runOnlyForDeploymentPostprocessing = 0;
			shellPath = /bin/sh;
			shellScript = "diff \"${PODS_ROOT}/../Podfile.lock\" \"${PODS_ROOT}/Manifest.lock\" > /dev/null\nif [[ $? != 0 ]] ; then\n    cat << EOM\nerror: The sandbox is not in sync with the Podfile.lock. Run 'pod install' or update your CocoaPods installation.\nEOM\n    exit 1\nfi\n";
			showEnvVarsInLog = 0;
		};
		3214D885EA51ACF1F64EE6C1 /* [CP] Copy Pods Resources */ = {
			isa = PBXShellScriptBuildPhase;
			buildActionMask = 2147483647;
			files = (
			);
			inputPaths = (
			);
			name = "[CP] Copy Pods Resources";
			outputPaths = (
			);
			runOnlyForDeploymentPostprocessing = 0;
			shellPath = /bin/sh;
			shellScript = "\"${SRCROOT}/Pods/Target Support Files/Pods-AlarmApp/Pods-AlarmApp-resources.sh\"\n";
			showEnvVarsInLog = 0;
		};
		5AD70A7E1A5926DA629FE94B /* [CP] Copy Pods Resources */ = {
			isa = PBXShellScriptBuildPhase;
			buildActionMask = 2147483647;
			files = (
			);
			inputPaths = (
			);
			name = "[CP] Copy Pods Resources";
			outputPaths = (
			);
			runOnlyForDeploymentPostprocessing = 0;
			shellPath = /bin/sh;
			shellScript = "\"${SRCROOT}/Pods/Target Support Files/Pods-AlarmAppUITests/Pods-AlarmAppUITests-resources.sh\"\n";
			showEnvVarsInLog = 0;
		};
		8098E9C1E460120BE135CAF6 /* [CP] Check Pods Manifest.lock */ = {
			isa = PBXShellScriptBuildPhase;
			buildActionMask = 2147483647;
			files = (
			);
			inputPaths = (
			);
			name = "[CP] Check Pods Manifest.lock";
			outputPaths = (
			);
			runOnlyForDeploymentPostprocessing = 0;
			shellPath = /bin/sh;
			shellScript = "diff \"${PODS_ROOT}/../Podfile.lock\" \"${PODS_ROOT}/Manifest.lock\" > /dev/null\nif [[ $? != 0 ]] ; then\n    cat << EOM\nerror: The sandbox is not in sync with the Podfile.lock. Run 'pod install' or update your CocoaPods installation.\nEOM\n    exit 1\nfi\n";
			showEnvVarsInLog = 0;
		};
		97C21937836BE036F38E855B /* [CP] Embed Pods Frameworks */ = {
			isa = PBXShellScriptBuildPhase;
			buildActionMask = 2147483647;
			files = (
			);
			inputPaths = (
			);
			name = "[CP] Embed Pods Frameworks";
			outputPaths = (
			);
			runOnlyForDeploymentPostprocessing = 0;
			shellPath = /bin/sh;
			shellScript = "\"${SRCROOT}/Pods/Target Support Files/Pods-AlarmAppTests/Pods-AlarmAppTests-frameworks.sh\"\n";
			showEnvVarsInLog = 0;
		};
		9897AC081E815777B5C02BC7 /* [CP] Copy Pods Resources */ = {
			isa = PBXShellScriptBuildPhase;
			buildActionMask = 2147483647;
			files = (
			);
			inputPaths = (
			);
			name = "[CP] Copy Pods Resources";
			outputPaths = (
			);
			runOnlyForDeploymentPostprocessing = 0;
			shellPath = /bin/sh;
			shellScript = "\"${SRCROOT}/Pods/Target Support Files/Pods-AlarmAppTests/Pods-AlarmAppTests-resources.sh\"\n";
			showEnvVarsInLog = 0;
		};
		E37B665AB6802BF6F3FEBADE /* [CP] Embed Pods Frameworks */ = {
			isa = PBXShellScriptBuildPhase;
			buildActionMask = 2147483647;
			files = (
			);
			inputPaths = (
			);
			name = "[CP] Embed Pods Frameworks";
			outputPaths = (
			);
			runOnlyForDeploymentPostprocessing = 0;
			shellPath = /bin/sh;
			shellScript = "\"${SRCROOT}/Pods/Target Support Files/Pods-AlarmApp/Pods-AlarmApp-frameworks.sh\"\n";
			showEnvVarsInLog = 0;
		};
/* End PBXShellScriptBuildPhase section */

/* Begin PBXSourcesBuildPhase section */
		0F3EE8411D343B1500484614 /* Sources */ = {
			isa = PBXSourcesBuildPhase;
			buildActionMask = 2147483647;
			files = (
				0F3EE84D1D343B1500484614 /* SoundTableViewController.swift in Sources */,
				0F3EE8491D343B1500484614 /* AppDelegate.swift in Sources */,
				0FD9EC0E1D46DD1900B1471F /* RecordSoundViewController.swift in Sources */,
				0FD9EBF71D3EC08A00B1471F /* AlarmTableViewController.swift in Sources */,
				0FF8CA7F1D5BD6BB00560262 /* TimeExtension.swift in Sources */,
				0FF8CA841D5C081900560262 /* RealmHelper.swift in Sources */,
				0FD9EBFF1D40434700B1471F /* SelectTimeViewController.swift in Sources */,
				0FF8CA861D5C085200560262 /* Alarm.swift in Sources */,
				0FD9EC031D42E61100B1471F /* UIScrollView+EmptyDataSet.m in Sources */,
			);
			runOnlyForDeploymentPostprocessing = 0;
		};
		0F3EE8571D343B1500484614 /* Sources */ = {
			isa = PBXSourcesBuildPhase;
			buildActionMask = 2147483647;
			files = (
				0F3EE8601D343B1500484614 /* AlarmAppTests.swift in Sources */,
			);
			runOnlyForDeploymentPostprocessing = 0;
		};
		0F3EE8621D343B1500484614 /* Sources */ = {
			isa = PBXSourcesBuildPhase;
			buildActionMask = 2147483647;
			files = (
				0F3EE86B1D343B1500484614 /* AlarmAppUITests.swift in Sources */,
			);
			runOnlyForDeploymentPostprocessing = 0;
		};
/* End PBXSourcesBuildPhase section */

/* Begin PBXTargetDependency section */
		0F3EE85D1D343B1500484614 /* PBXTargetDependency */ = {
			isa = PBXTargetDependency;
			target = 0F3EE8441D343B1500484614 /* AlarmApp */;
			targetProxy = 0F3EE85C1D343B1500484614 /* PBXContainerItemProxy */;
		};
		0F3EE8681D343B1500484614 /* PBXTargetDependency */ = {
			isa = PBXTargetDependency;
			target = 0F3EE8441D343B1500484614 /* AlarmApp */;
			targetProxy = 0F3EE8671D343B1500484614 /* PBXContainerItemProxy */;
		};
/* End PBXTargetDependency section */

/* Begin PBXVariantGroup section */
		0F3EE84E1D343B1500484614 /* Main.storyboard */ = {
			isa = PBXVariantGroup;
			children = (
				0F3EE84F1D343B1500484614 /* Base */,
			);
			name = Main.storyboard;
			sourceTree = "<group>";
		};
		0F3EE8531D343B1500484614 /* LaunchScreen.storyboard */ = {
			isa = PBXVariantGroup;
			children = (
				0F3EE8541D343B1500484614 /* Base */,
			);
			name = LaunchScreen.storyboard;
			sourceTree = "<group>";
		};
/* End PBXVariantGroup section */

/* Begin XCBuildConfiguration section */
		0F3EE86D1D343B1500484614 /* Debug */ = {
			isa = XCBuildConfiguration;
			buildSettings = {
				ALWAYS_SEARCH_USER_PATHS = NO;
				CLANG_ANALYZER_NONNULL = YES;
				CLANG_CXX_LANGUAGE_STANDARD = "gnu++0x";
				CLANG_CXX_LIBRARY = "libc++";
				CLANG_ENABLE_MODULES = YES;
				CLANG_ENABLE_OBJC_ARC = YES;
				CLANG_WARN_BOOL_CONVERSION = YES;
				CLANG_WARN_CONSTANT_CONVERSION = YES;
				CLANG_WARN_DIRECT_OBJC_ISA_USAGE = YES_ERROR;
				CLANG_WARN_EMPTY_BODY = YES;
				CLANG_WARN_ENUM_CONVERSION = YES;
				CLANG_WARN_INT_CONVERSION = YES;
				CLANG_WARN_OBJC_ROOT_CLASS = YES_ERROR;
				CLANG_WARN_UNREACHABLE_CODE = YES;
				CLANG_WARN__DUPLICATE_METHOD_MATCH = YES;
				"CODE_SIGN_IDENTITY[sdk=iphoneos*]" = "iPhone Developer";
				COPY_PHASE_STRIP = NO;
				DEBUG_INFORMATION_FORMAT = dwarf;
				ENABLE_STRICT_OBJC_MSGSEND = YES;
				ENABLE_TESTABILITY = YES;
				GCC_C_LANGUAGE_STANDARD = gnu99;
				GCC_DYNAMIC_NO_PIC = NO;
				GCC_NO_COMMON_BLOCKS = YES;
				GCC_OPTIMIZATION_LEVEL = 0;
				GCC_PREPROCESSOR_DEFINITIONS = (
					"DEBUG=1",
					"$(inherited)",
				);
				GCC_WARN_64_TO_32_BIT_CONVERSION = YES;
				GCC_WARN_ABOUT_RETURN_TYPE = YES_ERROR;
				GCC_WARN_UNDECLARED_SELECTOR = YES;
				GCC_WARN_UNINITIALIZED_AUTOS = YES_AGGRESSIVE;
				GCC_WARN_UNUSED_FUNCTION = YES;
				GCC_WARN_UNUSED_VARIABLE = YES;
				IPHONEOS_DEPLOYMENT_TARGET = 9.3;
				MTL_ENABLE_DEBUG_INFO = YES;
				ONLY_ACTIVE_ARCH = YES;
				SDKROOT = iphoneos;
				SWIFT_OPTIMIZATION_LEVEL = "-Onone";
				TARGETED_DEVICE_FAMILY = "1,2";
			};
			name = Debug;
		};
		0F3EE86E1D343B1500484614 /* Release */ = {
			isa = XCBuildConfiguration;
			buildSettings = {
				ALWAYS_SEARCH_USER_PATHS = NO;
				CLANG_ANALYZER_NONNULL = YES;
				CLANG_CXX_LANGUAGE_STANDARD = "gnu++0x";
				CLANG_CXX_LIBRARY = "libc++";
				CLANG_ENABLE_MODULES = YES;
				CLANG_ENABLE_OBJC_ARC = YES;
				CLANG_WARN_BOOL_CONVERSION = YES;
				CLANG_WARN_CONSTANT_CONVERSION = YES;
				CLANG_WARN_DIRECT_OBJC_ISA_USAGE = YES_ERROR;
				CLANG_WARN_EMPTY_BODY = YES;
				CLANG_WARN_ENUM_CONVERSION = YES;
				CLANG_WARN_INT_CONVERSION = YES;
				CLANG_WARN_OBJC_ROOT_CLASS = YES_ERROR;
				CLANG_WARN_UNREACHABLE_CODE = YES;
				CLANG_WARN__DUPLICATE_METHOD_MATCH = YES;
				"CODE_SIGN_IDENTITY[sdk=iphoneos*]" = "iPhone Developer";
				COPY_PHASE_STRIP = NO;
				DEBUG_INFORMATION_FORMAT = "dwarf-with-dsym";
				ENABLE_NS_ASSERTIONS = NO;
				ENABLE_STRICT_OBJC_MSGSEND = YES;
				GCC_C_LANGUAGE_STANDARD = gnu99;
				GCC_NO_COMMON_BLOCKS = YES;
				GCC_WARN_64_TO_32_BIT_CONVERSION = YES;
				GCC_WARN_ABOUT_RETURN_TYPE = YES_ERROR;
				GCC_WARN_UNDECLARED_SELECTOR = YES;
				GCC_WARN_UNINITIALIZED_AUTOS = YES_AGGRESSIVE;
				GCC_WARN_UNUSED_FUNCTION = YES;
				GCC_WARN_UNUSED_VARIABLE = YES;
				IPHONEOS_DEPLOYMENT_TARGET = 9.3;
				MTL_ENABLE_DEBUG_INFO = NO;
				SDKROOT = iphoneos;
				TARGETED_DEVICE_FAMILY = "1,2";
				VALIDATE_PRODUCT = YES;
			};
			name = Release;
		};
		0F3EE8701D343B1500484614 /* Debug */ = {
			isa = XCBuildConfiguration;
			baseConfigurationReference = D1C4A18369D0F692E02EBBD2 /* Pods-AlarmApp.debug.xcconfig */;
			buildSettings = {
				ASSETCATALOG_COMPILER_APPICON_NAME = AppIcon;
				CLANG_ENABLE_MODULES = YES;
				CODE_SIGN_IDENTITY = "iPhone Developer";
				"CODE_SIGN_IDENTITY[sdk=iphoneos*]" = "iPhone Developer";
				INFOPLIST_FILE = AlarmApp/Info.plist;
				LD_RUNPATH_SEARCH_PATHS = "$(inherited) @executable_path/Frameworks";
				LIBRARY_SEARCH_PATHS = (
					"$(inherited)",
					"$(PROJECT_DIR)/Pods/Realm/core",
				);
				PRODUCT_BUNDLE_IDENTIFIER = com.graceding.AlarmApp;
				PRODUCT_NAME = "$(TARGET_NAME)";
				PROVISIONING_PROFILE = "";
				SWIFT_OBJC_BRIDGING_HEADER = "AlarmApp/AlarmApp-Bridging-Header.h";
				SWIFT_OPTIMIZATION_LEVEL = "-Onone";
				TARGETED_DEVICE_FAMILY = "1,2";
			};
			name = Debug;
		};
		0F3EE8711D343B1500484614 /* Release */ = {
			isa = XCBuildConfiguration;
			baseConfigurationReference = 0703C20159B8A42E43326C37 /* Pods-AlarmApp.release.xcconfig */;
			buildSettings = {
				ASSETCATALOG_COMPILER_APPICON_NAME = AppIcon;
				CLANG_ENABLE_MODULES = YES;
				CODE_SIGN_IDENTITY = "iPhone Developer";
				"CODE_SIGN_IDENTITY[sdk=iphoneos*]" = "iPhone Developer";
				INFOPLIST_FILE = AlarmApp/Info.plist;
				LD_RUNPATH_SEARCH_PATHS = "$(inherited) @executable_path/Frameworks";
				LIBRARY_SEARCH_PATHS = (
					"$(inherited)",
					"$(PROJECT_DIR)/Pods/Realm/core",
				);
				PRODUCT_BUNDLE_IDENTIFIER = com.graceding.AlarmApp;
				PRODUCT_NAME = "$(TARGET_NAME)";
				PROVISIONING_PROFILE = "";
				SWIFT_OBJC_BRIDGING_HEADER = "AlarmApp/AlarmApp-Bridging-Header.h";
				TARGETED_DEVICE_FAMILY = "1,2";
			};
			name = Release;
		};
		0F3EE8731D343B1500484614 /* Debug */ = {
			isa = XCBuildConfiguration;
			baseConfigurationReference = CE21A7DD2B60279683C63C25 /* Pods-AlarmAppTests.debug.xcconfig */;
			buildSettings = {
				BUNDLE_LOADER = "$(TEST_HOST)";
				INFOPLIST_FILE = AlarmAppTests/Info.plist;
				LD_RUNPATH_SEARCH_PATHS = "$(inherited) @executable_path/Frameworks @loader_path/Frameworks";
				PRODUCT_BUNDLE_IDENTIFIER = me.graceding.AlarmAppTests;
				PRODUCT_NAME = "$(TARGET_NAME)";
				TEST_HOST = "$(BUILT_PRODUCTS_DIR)/AlarmApp.app/AlarmApp";
			};
			name = Debug;
		};
		0F3EE8741D343B1500484614 /* Release */ = {
			isa = XCBuildConfiguration;
			baseConfigurationReference = 292F473B8440A53E7480AADB /* Pods-AlarmAppTests.release.xcconfig */;
			buildSettings = {
				BUNDLE_LOADER = "$(TEST_HOST)";
				INFOPLIST_FILE = AlarmAppTests/Info.plist;
				LD_RUNPATH_SEARCH_PATHS = "$(inherited) @executable_path/Frameworks @loader_path/Frameworks";
				PRODUCT_BUNDLE_IDENTIFIER = me.graceding.AlarmAppTests;
				PRODUCT_NAME = "$(TARGET_NAME)";
				TEST_HOST = "$(BUILT_PRODUCTS_DIR)/AlarmApp.app/AlarmApp";
			};
			name = Release;
		};
		0F3EE8761D343B1500484614 /* Debug */ = {
			isa = XCBuildConfiguration;
			baseConfigurationReference = B946D6DE085E3AA1B33AA70A /* Pods-AlarmAppUITests.debug.xcconfig */;
			buildSettings = {
				INFOPLIST_FILE = AlarmAppUITests/Info.plist;
				LD_RUNPATH_SEARCH_PATHS = "$(inherited) @executable_path/Frameworks @loader_path/Frameworks";
				PRODUCT_BUNDLE_IDENTIFIER = me.graceding.AlarmAppUITests;
				PRODUCT_NAME = "$(TARGET_NAME)";
				TEST_TARGET_NAME = AlarmApp;
			};
			name = Debug;
		};
		0F3EE8771D343B1500484614 /* Release */ = {
			isa = XCBuildConfiguration;
			baseConfigurationReference = 22AEBD8347A58C79668CB2BD /* Pods-AlarmAppUITests.release.xcconfig */;
			buildSettings = {
				INFOPLIST_FILE = AlarmAppUITests/Info.plist;
				LD_RUNPATH_SEARCH_PATHS = "$(inherited) @executable_path/Frameworks @loader_path/Frameworks";
				PRODUCT_BUNDLE_IDENTIFIER = me.graceding.AlarmAppUITests;
				PRODUCT_NAME = "$(TARGET_NAME)";
				TEST_TARGET_NAME = AlarmApp;
			};
			name = Release;
		};
/* End XCBuildConfiguration section */

/* Begin XCConfigurationList section */
		0F3EE8401D343B1500484614 /* Build configuration list for PBXProject "AlarmApp" */ = {
			isa = XCConfigurationList;
			buildConfigurations = (
				0F3EE86D1D343B1500484614 /* Debug */,
				0F3EE86E1D343B1500484614 /* Release */,
			);
			defaultConfigurationIsVisible = 0;
			defaultConfigurationName = Release;
		};
		0F3EE86F1D343B1500484614 /* Build configuration list for PBXNativeTarget "AlarmApp" */ = {
			isa = XCConfigurationList;
			buildConfigurations = (
				0F3EE8701D343B1500484614 /* Debug */,
				0F3EE8711D343B1500484614 /* Release */,
			);
			defaultConfigurationIsVisible = 0;
			defaultConfigurationName = Release;
		};
		0F3EE8721D343B1500484614 /* Build configuration list for PBXNativeTarget "AlarmAppTests" */ = {
			isa = XCConfigurationList;
			buildConfigurations = (
				0F3EE8731D343B1500484614 /* Debug */,
				0F3EE8741D343B1500484614 /* Release */,
			);
			defaultConfigurationIsVisible = 0;
			defaultConfigurationName = Release;
		};
		0F3EE8751D343B1500484614 /* Build configuration list for PBXNativeTarget "AlarmAppUITests" */ = {
			isa = XCConfigurationList;
			buildConfigurations = (
				0F3EE8761D343B1500484614 /* Debug */,
				0F3EE8771D343B1500484614 /* Release */,
			);
			defaultConfigurationIsVisible = 0;
			defaultConfigurationName = Release;
		};
/* End XCConfigurationList section */
	};
	rootObject = 0F3EE83D1D343B1500484614 /* Project object */;
}
